{
	"name": "invoice-preview",
	"lockfileVersion": 3,
	"requires": true,
	"packages": {
		"": {
			"name": "invoice-preview",
			"dependencies": {
				"@jsdev_ninja/core": "^0.13.26"
			}
		},
		"node_modules/@jsdev_ninja/core": {
			"version": "0.13.26",
			"resolved": "https://registry.npmjs.org/@jsdev_ninja/core/-/core-0.13.26.tgz",
			"integrity": "sha512-0Prjj2c7AtuTo6MnGwoK6YV+bOQ/ZpSv0p5K1gN3BDaK+gKOFkl7FChtaNJLO63ivfCxjuIyXS6l01KuQspu6g==",
			"dependencies": {
				"zod": "^3.23.8"
			}
		},
		"node_modules/zod": {
			"version": "3.25.76",
			"resolved": "https://registry.npmjs.org/zod/-/zod-3.25.76.tgz",
			"integrity": "sha512-gzUt/qt81nXsFGKIFcC3YnfEAx5NkunCfnDlvuBSSFS02bcXu4Lmea0AFIUwbLWxWPx3d9p8S5QoaujKcNQxcQ==",
			"funding": {
				"url": "https://github.com/sponsors/colinhacks"
			}
		}
	}
}
